
Microsoft Visual Studio Solution File, Format Version 12.00
# Visual Studio Version 17
VisualStudioVersion = 17.0.32112.339
MinimumVisualStudioVersion = 10.0.40219.1
Project("{8BC9CEB8-8B4A-11D0-8D11-00A0C91BC942}") = "DllExportTest", "DllExportTest\DllExportTest.vcxproj", "{270B8EDA-7D5F-4B93-A70C-E1641AA6CCAE}"
EndProject
Project("{8BC9CEB8-8B4A-11D0-8D11-00A0C91BC942}") = "LibraryTest", "LibraryTest\LibraryTest.vcxproj", "{8E5E4EC5-0CDE-4DF4-9045-BDDD15AD2B42}"
EndProject
Project("{8BC9CEB8-8B4A-11D0-8D11-00A0C91BC942}") = "UnitTestStudy", "UnitTestStudy\UnitTestStudy.vcxproj", "{B65FBBCD-0F43-4F51-967B-A52464A18624}"
EndProject
Global
	GlobalSection(SolutionConfigurationPlatforms) = preSolution
		Debug|x64 = Debug|x64
		Debug|x86 = Debug|x86
		Release|x64 = Release|x64
		Release|x86 = Release|x86
	EndGlobalSection
	GlobalSection(ProjectConfigurationPlatforms) = postSolution
		{270B8EDA-7D5F-4B93-A70C-E1641AA6CCAE}.Debug|x64.ActiveCfg = Debug|x64
		{270B8EDA-7D5F-4B93-A70C-E1641AA6CCAE}.Debug|x64.Build.0 = Debug|x64
		{270B8EDA-7D5F-4B93-A70C-E1641AA6CCAE}.Debug|x86.ActiveCfg = Debug|Win32
		{270B8EDA-7D5F-4B93-A70C-E1641AA6CCAE}.Debug|x86.Build.0 = Debug|Win32
		{270B8EDA-7D5F-4B93-A70C-E1641AA6CCAE}.Release|x64.ActiveCfg = Release|x64
		{270B8EDA-7D5F-4B93-A70C-E1641AA6CCAE}.Release|x64.Build.0 = Release|x64
		{270B8EDA-7D5F-4B93-A70C-E1641AA6CCAE}.Release|x86.ActiveCfg = Release|Win32
		{270B8EDA-7D5F-4B93-A70C-E1641AA6CCAE}.Release|x86.Build.0 = Release|Win32
		{8E5E4EC5-0CDE-4DF4-9045-BDDD15AD2B42}.Debug|x64.ActiveCfg = Debug|x64
		{8E5E4EC5-0CDE-4DF4-9045-BDDD15AD2B42}.Debug|x64.Build.0 = Debug|x64
		{8E5E4EC5-0CDE-4DF4-9045-BDDD15AD2B42}.Debug|x86.ActiveCfg = Debug|Win32
		{8E5E4EC5-0CDE-4DF4-9045-BDDD15AD2B42}.Debug|x86.Build.0 = Debug|Win32
		{8E5E4EC5-0CDE-4DF4-9045-BDDD15AD2B42}.Release|x64.ActiveCfg = Release|x64
		{8E5E4EC5-0CDE-4DF4-9045-BDDD15AD2B42}.Release|x64.Build.0 = Release|x64
		{8E5E4EC5-0CDE-4DF4-9045-BDDD15AD2B42}.Release|x86.ActiveCfg = Release|Win32
		{8E5E4EC5-0CDE-4DF4-9045-BDDD15AD2B42}.Release|x86.Build.0 = Release|Win32
		{B65FBBCD-0F43-4F51-967B-A52464A18624}.Debug|x64.ActiveCfg = Debug|x64
		{B65FBBCD-0F43-4F51-967B-A52464A18624}.Debug|x64.Build.0 = Debug|x64
		{B65FBBCD-0F43-4F51-967B-A52464A18624}.Debug|x86.ActiveCfg = Debug|Win32
		{B65FBBCD-0F43-4F51-967B-A52464A18624}.Debug|x86.Build.0 = Debug|Win32
		{B65FBBCD-0F43-4F51-967B-A52464A18624}.Release|x64.ActiveCfg = Release|x64
		{B65FBBCD-0F43-4F51-967B-A52464A18624}.Release|x64.Build.0 = Release|x64
		{B65FBBCD-0F43-4F51-967B-A52464A18624}.Release|x86.ActiveCfg = Release|Win32
		{B65FBBCD-0F43-4F51-967B-A52464A18624}.Release|x86.Build.0 = Release|Win32
	EndGlobalSection
	GlobalSection(SolutionProperties) = preSolution
		HideSolutionNode = FALSE
	EndGlobalSection
	GlobalSection(ExtensibilityGlobals) = postSolution
		SolutionGuid = {32DE428A-A6E9-461F-A870-3266BD4E849E}
	EndGlobalSection
EndGlobal
